// !$*UTF8*$!
{
	archiveVersion = 1;
	classes = {
	};
	objectVersion = 56;
	objects = {

/* Begin PBXBuildFile section */
		362D7E06286F809100E58973 /* les_beaufs.xcdatamodeld in Sources */ = {isa = PBXBuildFile; fileRef = 362D7E04286F809100E58973 /* les_beaufs.xcdatamodeld */; };
		365B93EB28775D7B008B042C /* BlurView.swift in Sources */ = {isa = PBXBuildFile; fileRef = 365B93EA28775D7B008B042C /* BlurView.swift */; };
		365B93ED28776CB2008B042C /* Extensions.swift in Sources */ = {isa = PBXBuildFile; fileRef = 365B93EC28776CB2008B042C /* Extensions.swift */; };
		365B93EF2877746A008B042C /* CustomBarItem.swift in Sources */ = {isa = PBXBuildFile; fileRef = 365B93EE2877746A008B042C /* CustomBarItem.swift */; };
		365B93F1287777C9008B042C /* CustomTabBarContainer.swift in Sources */ = {isa = PBXBuildFile; fileRef = 365B93F0287777C9008B042C /* CustomTabBarContainer.swift */; };
		365B93F328777B29008B042C /* TabBarItemPreferenceKey.swift in Sources */ = {isa = PBXBuildFile; fileRef = 365B93F228777B29008B042C /* TabBarItemPreferenceKey.swift */; };
		365B93F528778356008B042C /* TabBarItem.swift in Sources */ = {isa = PBXBuildFile; fileRef = 365B93F428778356008B042C /* TabBarItem.swift */; };
		367EC1D8286F595400D1807E /* les_beaufsApp.swift in Sources */ = {isa = PBXBuildFile; fileRef = 367EC1D7286F595400D1807E /* les_beaufsApp.swift */; };
		367EC1DA286F595400D1807E /* ContentView.swift in Sources */ = {isa = PBXBuildFile; fileRef = 367EC1D9286F595400D1807E /* ContentView.swift */; };
		367EC1DC286F595700D1807E /* Assets.xcassets in Resources */ = {isa = PBXBuildFile; fileRef = 367EC1DB286F595700D1807E /* Assets.xcassets */; };
		367EC1DF286F595700D1807E /* Preview Assets.xcassets in Resources */ = {isa = PBXBuildFile; fileRef = 367EC1DE286F595700D1807E /* Preview Assets.xcassets */; };
		367EC1E1286F595700D1807E /* Persistence.swift in Sources */ = {isa = PBXBuildFile; fileRef = 367EC1E0286F595700D1807E /* Persistence.swift */; };
		367EC1ED286F5C7700D1807E /* Homepage.swift in Sources */ = {isa = PBXBuildFile; fileRef = 367EC1EC286F5C7700D1807E /* Homepage.swift */; };
		367EC1EF286F5C8C00D1807E /* LibPage.swift in Sources */ = {isa = PBXBuildFile; fileRef = 367EC1EE286F5C8C00D1807E /* LibPage.swift */; };
		367EC1F1286F5EF700D1807E /* GoogleService-Info.plist in Resources */ = {isa = PBXBuildFile; fileRef = 367EC1F0286F5EF700D1807E /* GoogleService-Info.plist */; };
		367EC1F4286F608C00D1807E /* FirebaseFirestore in Frameworks */ = {isa = PBXBuildFile; productRef = 367EC1F3286F608C00D1807E /* FirebaseFirestore */; };
		367EC1F6286F608C00D1807E /* FirebaseFirestoreCombine-Community in Frameworks */ = {isa = PBXBuildFile; productRef = 367EC1F5286F608C00D1807E /* FirebaseFirestoreCombine-Community */; };
		367EC1F8286F608C00D1807E /* FirebaseFirestoreSwift in Frameworks */ = {isa = PBXBuildFile; productRef = 367EC1F7286F608C00D1807E /* FirebaseFirestoreSwift */; };
		367EC1FA286F608C00D1807E /* FirebaseStorage in Frameworks */ = {isa = PBXBuildFile; productRef = 367EC1F9286F608C00D1807E /* FirebaseStorage */; };
		367EC1FC286F608C00D1807E /* FirebaseStorageCombine-Community in Frameworks */ = {isa = PBXBuildFile; productRef = 367EC1FB286F608C00D1807E /* FirebaseStorageCombine-Community */; };
		367EC200286F697E00D1807E /* Blague.swift in Sources */ = {isa = PBXBuildFile; fileRef = 367EC1FF286F697E00D1807E /* Blague.swift */; };
		367EC203286F6A4A00D1807E /* ViewModel.swift in Sources */ = {isa = PBXBuildFile; fileRef = 367EC202286F6A4A00D1807E /* ViewModel.swift */; };
		367EC205286F6EE000D1807E /* BlagueDetail.swift in Sources */ = {isa = PBXBuildFile; fileRef = 367EC204286F6EE000D1807E /* BlagueDetail.swift */; };
		367EC207286F712800D1807E /* FireStoreModel.swift in Sources */ = {isa = PBXBuildFile; fileRef = 367EC206286F712800D1807E /* FireStoreModel.swift */; };
		3699BA6C2870969E003AB57E /* HomePageBlagueComponent.swift in Sources */ = {isa = PBXBuildFile; fileRef = 3699BA6B2870969E003AB57E /* HomePageBlagueComponent.swift */; };
/* End PBXBuildFile section */

/* Begin PBXFileReference section */
		362D7E05286F809100E58973 /* les_beaufs.xcdatamodel */ = {isa = PBXFileReference; lastKnownFileType = wrapper.xcdatamodel; path = les_beaufs.xcdatamodel; sourceTree = "<group>"; };
		365B93EA28775D7B008B042C /* BlurView.swift */ = {isa = PBXFileReference; lastKnownFileType = sourcecode.swift; path = BlurView.swift; sourceTree = "<group>"; };
		365B93EC28776CB2008B042C /* Extensions.swift */ = {isa = PBXFileReference; lastKnownFileType = sourcecode.swift; path = Extensions.swift; sourceTree = "<group>"; };
		365B93EE2877746A008B042C /* CustomBarItem.swift */ = {isa = PBXFileReference; lastKnownFileType = sourcecode.swift; path = CustomBarItem.swift; sourceTree = "<group>"; };
		365B93F0287777C9008B042C /* CustomTabBarContainer.swift */ = {isa = PBXFileReference; lastKnownFileType = sourcecode.swift; path = CustomTabBarContainer.swift; sourceTree = "<group>"; };
		365B93F228777B29008B042C /* TabBarItemPreferenceKey.swift */ = {isa = PBXFileReference; lastKnownFileType = sourcecode.swift; path = TabBarItemPreferenceKey.swift; sourceTree = "<group>"; };
		365B93F428778356008B042C /* TabBarItem.swift */ = {isa = PBXFileReference; lastKnownFileType = sourcecode.swift; path = TabBarItem.swift; sourceTree = "<group>"; };
		367EC1D4286F595400D1807E /* les_beaufs.app */ = {isa = PBXFileReference; explicitFileType = wrapper.application; includeInIndex = 0; path = les_beaufs.app; sourceTree = BUILT_PRODUCTS_DIR; };
		367EC1D7286F595400D1807E /* les_beaufsApp.swift */ = {isa = PBXFileReference; lastKnownFileType = sourcecode.swift; path = les_beaufsApp.swift; sourceTree = "<group>"; };
		367EC1D9286F595400D1807E /* ContentView.swift */ = {isa = PBXFileReference; lastKnownFileType = sourcecode.swift; path = ContentView.swift; sourceTree = "<group>"; };
		367EC1DB286F595700D1807E /* Assets.xcassets */ = {isa = PBXFileReference; lastKnownFileType = folder.assetcatalog; path = Assets.xcassets; sourceTree = "<group>"; };
		367EC1DE286F595700D1807E /* Preview Assets.xcassets */ = {isa = PBXFileReference; lastKnownFileType = folder.assetcatalog; path = "Preview Assets.xcassets"; sourceTree = "<group>"; };
		367EC1E0286F595700D1807E /* Persistence.swift */ = {isa = PBXFileReference; lastKnownFileType = sourcecode.swift; path = Persistence.swift; sourceTree = "<group>"; };
		367EC1E5286F595700D1807E /* Info.plist */ = {isa = PBXFileReference; lastKnownFileType = text.plist.xml; path = Info.plist; sourceTree = "<group>"; };
		367EC1EC286F5C7700D1807E /* Homepage.swift */ = {isa = PBXFileReference; lastKnownFileType = sourcecode.swift; path = Homepage.swift; sourceTree = "<group>"; };
		367EC1EE286F5C8C00D1807E /* LibPage.swift */ = {isa = PBXFileReference; lastKnownFileType = sourcecode.swift; path = LibPage.swift; sourceTree = "<group>"; };
		367EC1F0286F5EF700D1807E /* GoogleService-Info.plist */ = {isa = PBXFileReference; fileEncoding = 4; lastKnownFileType = text.plist.xml; path = "GoogleService-Info.plist"; sourceTree = "<group>"; };
		367EC1FF286F697E00D1807E /* Blague.swift */ = {isa = PBXFileReference; lastKnownFileType = sourcecode.swift; path = Blague.swift; sourceTree = "<group>"; };
		367EC202286F6A4A00D1807E /* ViewModel.swift */ = {isa = PBXFileReference; lastKnownFileType = sourcecode.swift; path = ViewModel.swift; sourceTree = "<group>"; };
		367EC204286F6EE000D1807E /* BlagueDetail.swift */ = {isa = PBXFileReference; lastKnownFileType = sourcecode.swift; path = BlagueDetail.swift; sourceTree = "<group>"; };
		367EC206286F712800D1807E /* FireStoreModel.swift */ = {isa = PBXFileReference; lastKnownFileType = sourcecode.swift; path = FireStoreModel.swift; sourceTree = "<group>"; };
		3699BA6B2870969E003AB57E /* HomePageBlagueComponent.swift */ = {isa = PBXFileReference; lastKnownFileType = sourcecode.swift; path = HomePageBlagueComponent.swift; sourceTree = "<group>"; };
/* End PBXFileReference section */

/* Begin PBXFrameworksBuildPhase section */
		367EC1D1286F595400D1807E /* Frameworks */ = {
			isa = PBXFrameworksBuildPhase;
			buildActionMask = 2147483647;
			files = (
				367EC1F4286F608C00D1807E /* FirebaseFirestore in Frameworks */,
				367EC1FA286F608C00D1807E /* FirebaseStorage in Frameworks */,
				367EC1FC286F608C00D1807E /* FirebaseStorageCombine-Community in Frameworks */,
				367EC1F6286F608C00D1807E /* FirebaseFirestoreCombine-Community in Frameworks */,
				367EC1F8286F608C00D1807E /* FirebaseFirestoreSwift in Frameworks */,
			);
			runOnlyForDeploymentPostprocessing = 0;
		};
/* End PBXFrameworksBuildPhase section */

/* Begin PBXGroup section */
		367EC1CB286F595400D1807E = {
			isa = PBXGroup;
			children = (
				367EC1D6286F595400D1807E /* les_beaufs */,
				367EC1D5286F595400D1807E /* Products */,
			);
			sourceTree = "<group>";
		};
		367EC1D5286F595400D1807E /* Products */ = {
			isa = PBXGroup;
			children = (
				367EC1D4286F595400D1807E /* les_beaufs.app */,
			);
			name = Products;
			sourceTree = "<group>";
		};
		367EC1D6286F595400D1807E /* les_beaufs */ = {
			isa = PBXGroup;
			children = (
				367EC1D7286F595400D1807E /* les_beaufsApp.swift */,
				367EC1D9286F595400D1807E /* ContentView.swift */,
				367EC1EB286F5C6700D1807E /* Views */,
				3699BA6A2870964F003AB57E /* Components */,
				367EC201286F698300D1807E /* Model */,
				367EC1E0286F595700D1807E /* Persistence.swift */,
				365B93EC28776CB2008B042C /* Extensions.swift */,
				367EC1DB286F595700D1807E /* Assets.xcassets */,
				367EC1E5286F595700D1807E /* Info.plist */,
				367EC1F0286F5EF700D1807E /* GoogleService-Info.plist */,
				362D7E04286F809100E58973 /* les_beaufs.xcdatamodeld */,
				367EC1DD286F595700D1807E /* Preview Content */,
			);
			path = les_beaufs;
			sourceTree = "<group>";
		};
		367EC1DD286F595700D1807E /* Preview Content */ = {
			isa = PBXGroup;
			children = (
				367EC1DE286F595700D1807E /* Preview Assets.xcassets */,
			);
			path = "Preview Content";
			sourceTree = "<group>";
		};
		367EC1EB286F5C6700D1807E /* Views */ = {
			isa = PBXGroup;
			children = (
				367EC1EC286F5C7700D1807E /* Homepage.swift */,
				367EC1EE286F5C8C00D1807E /* LibPage.swift */,
				367EC204286F6EE000D1807E /* BlagueDetail.swift */,
			);
			path = Views;
			sourceTree = "<group>";
		};
		367EC201286F698300D1807E /* Model */ = {
			isa = PBXGroup;
			children = (
				367EC1FF286F697E00D1807E /* Blague.swift */,
				367EC202286F6A4A00D1807E /* ViewModel.swift */,
				367EC206286F712800D1807E /* FireStoreModel.swift */,
				365B93F428778356008B042C /* TabBarItem.swift */,
			);
			path = Model;
			sourceTree = "<group>";
		};
		3699BA6A2870964F003AB57E /* Components */ = {
			isa = PBXGroup;
			children = (
				3699BA6B2870969E003AB57E /* HomePageBlagueComponent.swift */,
				365B93EA28775D7B008B042C /* BlurView.swift */,
				365B93F228777B29008B042C /* TabBarItemPreferenceKey.swift */,
				365B93F0287777C9008B042C /* CustomTabBarContainer.swift */,
				365B93EE2877746A008B042C /* CustomBarItem.swift */,
			);
			path = Components;
			sourceTree = "<group>";
		};
/* End PBXGroup section */

/* Begin PBXNativeTarget section */
		367EC1D3286F595400D1807E /* les_beaufs */ = {
			isa = PBXNativeTarget;
			buildConfigurationList = 367EC1E8286F595700D1807E /* Build configuration list for PBXNativeTarget "les_beaufs" */;
			buildPhases = (
				367EC1D0286F595400D1807E /* Sources */,
				367EC1D1286F595400D1807E /* Frameworks */,
				367EC1D2286F595400D1807E /* Resources */,
			);
			buildRules = (
			);
			dependencies = (
			);
			name = les_beaufs;
			packageProductDependencies = (
				367EC1F3286F608C00D1807E /* FirebaseFirestore */,
				367EC1F5286F608C00D1807E /* FirebaseFirestoreCombine-Community */,
				367EC1F7286F608C00D1807E /* FirebaseFirestoreSwift */,
				367EC1F9286F608C00D1807E /* FirebaseStorage */,
				367EC1FB286F608C00D1807E /* FirebaseStorageCombine-Community */,
			);
			productName = les_beaufs;
			productReference = 367EC1D4286F595400D1807E /* les_beaufs.app */;
			productType = "com.apple.product-type.application";
		};
/* End PBXNativeTarget section */

/* Begin PBXProject section */
		367EC1CC286F595400D1807E /* Project object */ = {
			isa = PBXProject;
			attributes = {
				BuildIndependentTargetsInParallel = 1;
				LastSwiftUpdateCheck = 1400;
				LastUpgradeCheck = 1400;
				TargetAttributes = {
					367EC1D3286F595400D1807E = {
						CreatedOnToolsVersion = 14.0;
					};
				};
			};
			buildConfigurationList = 367EC1CF286F595400D1807E /* Build configuration list for PBXProject "les_beaufs" */;
			compatibilityVersion = "Xcode 14.0";
			developmentRegion = en;
			hasScannedForEncodings = 0;
			knownRegions = (
				en,
				Base,
			);
			mainGroup = 367EC1CB286F595400D1807E;
			packageReferences = (
				367EC1F2286F608C00D1807E /* XCRemoteSwiftPackageReference "firebase-ios-sdk" */,
			);
			productRefGroup = 367EC1D5286F595400D1807E /* Products */;
			projectDirPath = "";
			projectRoot = "";
			targets = (
				367EC1D3286F595400D1807E /* les_beaufs */,
			);
		};
/* End PBXProject section */

/* Begin PBXResourcesBuildPhase section */
		367EC1D2286F595400D1807E /* Resources */ = {
			isa = PBXResourcesBuildPhase;
			buildActionMask = 2147483647;
			files = (
				367EC1DF286F595700D1807E /* Preview Assets.xcassets in Resources */,
				367EC1DC286F595700D1807E /* Assets.xcassets in Resources */,
				367EC1F1286F5EF700D1807E /* GoogleService-Info.plist in Resources */,
			);
			runOnlyForDeploymentPostprocessing = 0;
		};
/* End PBXResourcesBuildPhase section */

/* Begin PBXSourcesBuildPhase section */
		367EC1D0286F595400D1807E /* Sources */ = {
			isa = PBXSourcesBuildPhase;
			buildActionMask = 2147483647;
			files = (
				367EC200286F697E00D1807E /* Blague.swift in Sources */,
				367EC207286F712800D1807E /* FireStoreModel.swift in Sources */,
				367EC1E1286F595700D1807E /* Persistence.swift in Sources */,
				367EC205286F6EE000D1807E /* BlagueDetail.swift in Sources */,
				367EC1DA286F595400D1807E /* ContentView.swift in Sources */,
				365B93EB28775D7B008B042C /* BlurView.swift in Sources */,
				367EC1D8286F595400D1807E /* les_beaufsApp.swift in Sources */,
				3699BA6C2870969E003AB57E /* HomePageBlagueComponent.swift in Sources */,
				365B93F528778356008B042C /* TabBarItem.swift in Sources */,
				365B93F1287777C9008B042C /* CustomTabBarContainer.swift in Sources */,
				365B93ED28776CB2008B042C /* Extensions.swift in Sources */,
				367EC1EF286F5C8C00D1807E /* LibPage.swift in Sources */,
				365B93F328777B29008B042C /* TabBarItemPreferenceKey.swift in Sources */,
				367EC203286F6A4A00D1807E /* ViewModel.swift in Sources */,
				365B93EF2877746A008B042C /* CustomBarItem.swift in Sources */,
				362D7E06286F809100E58973 /* les_beaufs.xcdatamodeld in Sources */,
				367EC1ED286F5C7700D1807E /* Homepage.swift in Sources */,
			);
			runOnlyForDeploymentPostprocessing = 0;
		};
/* End PBXSourcesBuildPhase section */

/* Begin XCBuildConfiguration section */
		367EC1E6286F595700D1807E /* Debug */ = {
			isa = XCBuildConfiguration;
			buildSettings = {
				ALWAYS_SEARCH_USER_PATHS = NO;
				CLANG_ANALYZER_NONNULL = YES;
				CLANG_ANALYZER_NUMBER_OBJECT_CONVERSION = YES_AGGRESSIVE;
				CLANG_CXX_LANGUAGE_STANDARD = "gnu++17";
				CLANG_ENABLE_MODULES = YES;
				CLANG_ENABLE_OBJC_ARC = YES;
				CLANG_ENABLE_OBJC_WEAK = YES;
				CLANG_WARN_BLOCK_CAPTURE_AUTORELEASING = YES;
				CLANG_WARN_BOOL_CONVERSION = YES;
				CLANG_WARN_COMMA = YES;
				CLANG_WARN_CONSTANT_CONVERSION = YES;
				CLANG_WARN_DEPRECATED_OBJC_IMPLEMENTATIONS = YES;
				CLANG_WARN_DIRECT_OBJC_ISA_USAGE = YES_ERROR;
				CLANG_WARN_DOCUMENTATION_COMMENTS = YES;
				CLANG_WARN_EMPTY_BODY = YES;
				CLANG_WARN_ENUM_CONVERSION = YES;
				CLANG_WARN_INFINITE_RECURSION = YES;
				CLANG_WARN_INT_CONVERSION = YES;
				CLANG_WARN_NON_LITERAL_NULL_CONVERSION = YES;
				CLANG_WARN_OBJC_IMPLICIT_RETAIN_SELF = YES;
				CLANG_WARN_OBJC_LITERAL_CONVERSION = YES;
				CLANG_WARN_OBJC_ROOT_CLASS = YES_ERROR;
				CLANG_WARN_QUOTED_INCLUDE_IN_FRAMEWORK_HEADER = YES;
				CLANG_WARN_RANGE_LOOP_ANALYSIS = YES;
				CLANG_WARN_STRICT_PROTOTYPES = YES;
				CLANG_WARN_SUSPICIOUS_MOVE = YES;
				CLANG_WARN_UNGUARDED_AVAILABILITY = YES_AGGRESSIVE;
				CLANG_WARN_UNREACHABLE_CODE = YES;
				CLANG_WARN__DUPLICATE_METHOD_MATCH = YES;
				COPY_PHASE_STRIP = NO;
				DEBUG_INFORMATION_FORMAT = dwarf;
				ENABLE_STRICT_OBJC_MSGSEND = YES;
				ENABLE_TESTABILITY = YES;
				GCC_C_LANGUAGE_STANDARD = gnu11;
				GCC_DYNAMIC_NO_PIC = NO;
				GCC_NO_COMMON_BLOCKS = YES;
				GCC_OPTIMIZATION_LEVEL = 0;
				GCC_PREPROCESSOR_DEFINITIONS = (
					"DEBUG=1",
					"$(inherited)",
				);
				GCC_WARN_64_TO_32_BIT_CONVERSION = YES;
				GCC_WARN_ABOUT_RETURN_TYPE = YES_ERROR;
				GCC_WARN_UNDECLARED_SELECTOR = YES;
				GCC_WARN_UNINITIALIZED_AUTOS = YES_AGGRESSIVE;
				GCC_WARN_UNUSED_FUNCTION = YES;
				GCC_WARN_UNUSED_VARIABLE = YES;
				IPHONEOS_DEPLOYMENT_TARGET = 16.0;
				MTL_ENABLE_DEBUG_INFO = INCLUDE_SOURCE;
				MTL_FAST_MATH = YES;
				ONLY_ACTIVE_ARCH = YES;
				SDKROOT = iphoneos;
				SWIFT_ACTIVE_COMPILATION_CONDITIONS = DEBUG;
				SWIFT_OPTIMIZATION_LEVEL = "-Onone";
			};
			name = Debug;
		};
		367EC1E7286F595700D1807E /* Release */ = {
			isa = XCBuildConfiguration;
			buildSettings = {
				ALWAYS_SEARCH_USER_PATHS = NO;
				CLANG_ANALYZER_NONNULL = YES;
				CLANG_ANALYZER_NUMBER_OBJECT_CONVERSION = YES_AGGRESSIVE;
				CLANG_CXX_LANGUAGE_STANDARD = "gnu++17";
				CLANG_ENABLE_MODULES = YES;
				CLANG_ENABLE_OBJC_ARC = YES;
				CLANG_ENABLE_OBJC_WEAK = YES;
				CLANG_WARN_BLOCK_CAPTURE_AUTORELEASING = YES;
				CLANG_WARN_BOOL_CONVERSION = YES;
				CLANG_WARN_COMMA = YES;
				CLANG_WARN_CONSTANT_CONVERSION = YES;
				CLANG_WARN_DEPRECATED_OBJC_IMPLEMENTATIONS = YES;
				CLANG_WARN_DIRECT_OBJC_ISA_USAGE = YES_ERROR;
				CLANG_WARN_DOCUMENTATION_COMMENTS = YES;
				CLANG_WARN_EMPTY_BODY = YES;
				CLANG_WARN_ENUM_CONVERSION = YES;
				CLANG_WARN_INFINITE_RECURSION = YES;
				CLANG_WARN_INT_CONVERSION = YES;
				CLANG_WARN_NON_LITERAL_NULL_CONVERSION = YES;
				CLANG_WARN_OBJC_IMPLICIT_RETAIN_SELF = YES;
				CLANG_WARN_OBJC_LITERAL_CONVERSION = YES;
				CLANG_WARN_OBJC_ROOT_CLASS = YES_ERROR;
				CLANG_WARN_QUOTED_INCLUDE_IN_FRAMEWORK_HEADER = YES;
				CLANG_WARN_RANGE_LOOP_ANALYSIS = YES;
				CLANG_WARN_STRICT_PROTOTYPES = YES;
				CLANG_WARN_SUSPICIOUS_MOVE = YES;
				CLANG_WARN_UNGUARDED_AVAILABILITY = YES_AGGRESSIVE;
				CLANG_WARN_UNREACHABLE_CODE = YES;
				CLANG_WARN__DUPLICATE_METHOD_MATCH = YES;
				COPY_PHASE_STRIP = NO;
				DEBUG_INFORMATION_FORMAT = "dwarf-with-dsym";
				ENABLE_NS_ASSERTIONS = NO;
				ENABLE_STRICT_OBJC_MSGSEND = YES;
				GCC_C_LANGUAGE_STANDARD = gnu11;
				GCC_NO_COMMON_BLOCKS = YES;
				GCC_WARN_64_TO_32_BIT_CONVERSION = YES;
				GCC_WARN_ABOUT_RETURN_TYPE = YES_ERROR;
				GCC_WARN_UNDECLARED_SELECTOR = YES;
				GCC_WARN_UNINITIALIZED_AUTOS = YES_AGGRESSIVE;
				GCC_WARN_UNUSED_FUNCTION = YES;
				GCC_WARN_UNUSED_VARIABLE = YES;
				IPHONEOS_DEPLOYMENT_TARGET = 16.0;
				MTL_ENABLE_DEBUG_INFO = NO;
				MTL_FAST_MATH = YES;
				SDKROOT = iphoneos;
				SWIFT_COMPILATION_MODE = wholemodule;
				SWIFT_OPTIMIZATION_LEVEL = "-O";
				VALIDATE_PRODUCT = YES;
			};
			name = Release;
		};
		367EC1E9286F595700D1807E /* Debug */ = {
			isa = XCBuildConfiguration;
			buildSettings = {
				ASSETCATALOG_COMPILER_APPICON_NAME = AppIcon;
				ASSETCATALOG_COMPILER_GLOBAL_ACCENT_COLOR_NAME = AccentColor;
				CODE_SIGN_STYLE = Automatic;
				CURRENT_PROJECT_VERSION = 1;
				DEVELOPMENT_ASSET_PATHS = "\"les_beaufs/Preview Content\"";
				DEVELOPMENT_TEAM = 238638W3AM;
				ENABLE_PREVIEWS = YES;
				GENERATE_INFOPLIST_FILE = YES;
				INFOPLIST_KEY_CFBundleDisplayName = "Les Bons Beaufs";
				INFOPLIST_KEY_LSApplicationCategoryType = "public.app-category.education";
				INFOPLIST_KEY_UIApplicationSceneManifest_Generation = YES;
				INFOPLIST_KEY_UIApplicationSupportsIndirectInputEvents = YES;
				INFOPLIST_KEY_UILaunchScreen_Generation = YES;
				INFOPLIST_KEY_UISupportedInterfaceOrientations = UIInterfaceOrientationPortrait;
				INFOPLIST_KEY_UISupportedInterfaceOrientations_iPad = "UIInterfaceOrientationLandscapeLeft UIInterfaceOrientationLandscapeRight UIInterfaceOrientationPortraitUpsideDown";
				IPHONEOS_DEPLOYMENT_TARGET = 15.0;
				LD_RUNPATH_SEARCH_PATHS = (
					"$(inherited)",
					"@executable_path/Frameworks",
				);
				MARKETING_VERSION = 1.0;
				PRODUCT_BUNDLE_IDENTIFIER = "com.maxencegama.les-beaufs";
				PRODUCT_NAME = "$(TARGET_NAME)";
				SUPPORTED_PLATFORMS = "iphoneos iphonesimulator";
				SUPPORTS_MACCATALYST = NO;
				SUPPORTS_MAC_DESIGNED_FOR_IPHONE_IPAD = NO;
				SWIFT_EMIT_LOC_STRINGS = YES;
				SWIFT_VERSION = 5.0;
				TARGETED_DEVICE_FAMILY = 1;
			};
			name = Debug;
		};
		367EC1EA286F595700D1807E /* Release */ = {
			isa = XCBuildConfiguration;
			buildSettings = {
				ASSETCATALOG_COMPILER_APPICON_NAME = AppIcon;
				ASSETCATALOG_COMPILER_GLOBAL_ACCENT_COLOR_NAME = AccentColor;
				CODE_SIGN_STYLE = Automatic;
				CURRENT_PROJECT_VERSION = 1;
				DEVELOPMENT_ASSET_PATHS = "\"les_beaufs/Preview Content\"";
				DEVELOPMENT_TEAM = 238638W3AM;
				ENABLE_PREVIEWS = YES;
				GENERATE_INFOPLIST_FILE = YES;
				INFOPLIST_KEY_CFBundleDisplayName = "Les Bons Beaufs";
				INFOPLIST_KEY_LSApplicationCategoryType = "public.app-category.education";
				INFOPLIST_KEY_UIApplicationSceneManifest_Generation = YES;
				INFOPLIST_KEY_UIApplicationSupportsIndirectInputEvents = YES;
				INFOPLIST_KEY_UILaunchScreen_Generation = YES;
				INFOPLIST_KEY_UISupportedInterfaceOrientations = UIInterfaceOrientationPortrait;
				INFOPLIST_KEY_UISupportedInterfaceOrientations_iPad = "UIInterfaceOrientationLandscapeLeft UIInterfaceOrientationLandscapeRight UIInterfaceOrientationPortraitUpsideDown";
				IPHONEOS_DEPLOYMENT_TARGET = 15.0;
				LD_RUNPATH_SEARCH_PATHS = (
					"$(inherited)",
					"@executable_path/Frameworks",
				);
				MARKETING_VERSION = 1.0;
				PRODUCT_BUNDLE_IDENTIFIER = "com.maxencegama.les-beaufs";
				PRODUCT_NAME = "$(TARGET_NAME)";
				SUPPORTED_PLATFORMS = "iphoneos iphonesimulator";
				SUPPORTS_MACCATALYST = NO;
				SUPPORTS_MAC_DESIGNED_FOR_IPHONE_IPAD = NO;
				SWIFT_EMIT_LOC_STRINGS = YES;
				SWIFT_VERSION = 5.0;
				TARGETED_DEVICE_FAMILY = 1;
			};
			name = Release;
		};
/* End XCBuildConfiguration section */

/* Begin XCConfigurationList section */
		367EC1CF286F595400D1807E /* Build configuration list for PBXProject "les_beaufs" */ = {
			isa = XCConfigurationList;
			buildConfigurations = (
				367EC1E6286F595700D1807E /* Debug */,
				367EC1E7286F595700D1807E /* Release */,
			);
			defaultConfigurationIsVisible = 0;
			defaultConfigurationName = Release;
		};
		367EC1E8286F595700D1807E /* Build configuration list for PBXNativeTarget "les_beaufs" */ = {
			isa = XCConfigurationList;
			buildConfigurations = (
				367EC1E9286F595700D1807E /* Debug */,
				367EC1EA286F595700D1807E /* Release */,
			);
			defaultConfigurationIsVisible = 0;
			defaultConfigurationName = Release;
		};
/* End XCConfigurationList section */

/* Begin XCRemoteSwiftPackageReference section */
		367EC1F2286F608C00D1807E /* XCRemoteSwiftPackageReference "firebase-ios-sdk" */ = {
			isa = XCRemoteSwiftPackageReference;
			repositoryURL = "https://github.com/firebase/firebase-ios-sdk";
			requirement = {
				kind = upToNextMajorVersion;
				minimumVersion = 9.0.0;
			};
		};
/* End XCRemoteSwiftPackageReference section */

/* Begin XCSwiftPackageProductDependency section */
		367EC1F3286F608C00D1807E /* FirebaseFirestore */ = {
			isa = XCSwiftPackageProductDependency;
			package = 367EC1F2286F608C00D1807E /* XCRemoteSwiftPackageReference "firebase-ios-sdk" */;
			productName = FirebaseFirestore;
		};
		367EC1F5286F608C00D1807E /* FirebaseFirestoreCombine-Community */ = {
			isa = XCSwiftPackageProductDependency;
			package = 367EC1F2286F608C00D1807E /* XCRemoteSwiftPackageReference "firebase-ios-sdk" */;
			productName = "FirebaseFirestoreCombine-Community";
		};
		367EC1F7286F608C00D1807E /* FirebaseFirestoreSwift */ = {
			isa = XCSwiftPackageProductDependency;
			package = 367EC1F2286F608C00D1807E /* XCRemoteSwiftPackageReference "firebase-ios-sdk" */;
			productName = FirebaseFirestoreSwift;
		};
		367EC1F9286F608C00D1807E /* FirebaseStorage */ = {
			isa = XCSwiftPackageProductDependency;
			package = 367EC1F2286F608C00D1807E /* XCRemoteSwiftPackageReference "firebase-ios-sdk" */;
			productName = FirebaseStorage;
		};
		367EC1FB286F608C00D1807E /* FirebaseStorageCombine-Community */ = {
			isa = XCSwiftPackageProductDependency;
			package = 367EC1F2286F608C00D1807E /* XCRemoteSwiftPackageReference "firebase-ios-sdk" */;
			productName = "FirebaseStorageCombine-Community";
		};
/* End XCSwiftPackageProductDependency section */

/* Begin XCVersionGroup section */
		362D7E04286F809100E58973 /* les_beaufs.xcdatamodeld */ = {
			isa = XCVersionGroup;
			children = (
				362D7E05286F809100E58973 /* les_beaufs.xcdatamodel */,
			);
			currentVersion = 362D7E05286F809100E58973 /* les_beaufs.xcdatamodel */;
			path = les_beaufs.xcdatamodeld;
			sourceTree = "<group>";
			versionGroupType = wrapper.xcdatamodel;
		};
/* End XCVersionGroup section */
	};
	rootObject = 367EC1CC286F595400D1807E /* Project object */;
}
